
Microsoft Visual Studio Solution File, Format Version 12.00
# Visual Studio Version 17
VisualStudioVersion = 17.4.33213.308
MinimumVisualStudioVersion = 10.0.40219.1
Project("{FAE04EC0-301F-11D3-BF4B-00C04F79EFBC}") = "ConsoleApp", "ConsoleApp\ConsoleApp.csproj", "{ADF69E88-11CA-48D4-AA3E-0BC9BA8A6493}"
EndProject
Global
	GlobalSection(SolutionConfigurationPlatforms) = preSolution
		Debug|Any CPU = Debug|Any CPU
		Release|Any CPU = Release|Any CPU
	EndGlobalSection
	GlobalSection(ProjectConfigurationPlatforms) = postSolution
		{ADF69E88-11CA-48D4-AA3E-0BC9BA8A6493}.Debug|Any CPU.ActiveCfg = Debug|Any CPU
		{ADF69E88-11CA-48D4-AA3E-0BC9BA8A6493}.Debug|Any CPU.Build.0 = Debug|Any CPU
		{ADF69E88-11CA-48D4-AA3E-0BC9BA8A6493}.Release|Any CPU.ActiveCfg = Release|Any CPU
		{ADF69E88-11CA-48D4-AA3E-0BC9BA8A6493}.Release|Any CPU.Build.0 = Release|Any CPU
	EndGlobalSection
	GlobalSection(SolutionProperties) = preSolution
		HideSolutionNode = FALSE
	EndGlobalSection
	GlobalSection(ExtensibilityGlobals) = postSolution
		SolutionGuid = {27DBB19D-6892-4BC1-8BDC-6B0DB57581AF}
	EndGlobalSection
EndGlobal
